# ---------------------------------------------------------------------------
# radar_top.qsf — Quartus Settings File for DE2-115
# Device: Cyclone IV E EP4CE115F29C7
# ---------------------------------------------------------------------------

set_global_assignment -name FAMILY "Cyclone IV E"
set_global_assignment -name DEVICE EP4CE115F29C7
set_global_assignment -name TOP_LEVEL_ENTITY radar_top
set_global_assignment -name PROJECT_OUTPUT_DIRECTORY output_files
set_global_assignment -name ERROR_CHECK_FREQUENCY_DIVISOR 1
set_global_assignment -name EDA_SIMULATION_TOOL "<None>"
set_global_assignment -name EDA_OUTPUT_DATA_FORMAT NONE -section_id eda_simulation

# ---------------------------------------------------------------------------
# Clock (50 MHz)
# ---------------------------------------------------------------------------
set_location_assignment PIN_Y2 -to CLOCK_50
set_instance_assignment -name IO_STANDARD "3.3-V LVTTL" -to CLOCK_50

# ---------------------------------------------------------------------------
# WM8731 Audio CODEC pins
# Source: DE2-115 User Manual Table 4-17 (page 55)
# ---------------------------------------------------------------------------
set_location_assignment PIN_E1 -to AUD_XCK
set_location_assignment PIN_F2 -to AUD_BCLK
set_location_assignment PIN_C2 -to AUD_ADCLRCK
set_location_assignment PIN_D2 -to AUD_ADCDAT
set_location_assignment PIN_E3 -to AUD_DACLRCK
set_location_assignment PIN_D1 -to AUD_DACDAT
set_location_assignment PIN_B7 -to I2C_SCLK
set_location_assignment PIN_A8 -to I2C_SDAT

set_instance_assignment -name IO_STANDARD "3.3-V LVTTL" -to AUD_XCK
set_instance_assignment -name IO_STANDARD "3.3-V LVTTL" -to AUD_BCLK
set_instance_assignment -name IO_STANDARD "3.3-V LVTTL" -to AUD_ADCLRCK
set_instance_assignment -name IO_STANDARD "3.3-V LVTTL" -to AUD_ADCDAT
set_instance_assignment -name IO_STANDARD "3.3-V LVTTL" -to AUD_DACLRCK
set_instance_assignment -name IO_STANDARD "3.3-V LVTTL" -to AUD_DACDAT
set_instance_assignment -name IO_STANDARD "3.3-V LVTTL" -to I2C_SCLK
set_instance_assignment -name IO_STANDARD "3.3-V LVTTL" -to I2C_SDAT

# ---------------------------------------------------------------------------
# Debug LEDs
# ---------------------------------------------------------------------------
set_location_assignment PIN_G19 -to LEDR[0]
set_location_assignment PIN_F19 -to LEDR[1]
set_location_assignment PIN_E19 -to LEDR[2]
set_location_assignment PIN_F21 -to LEDR[3]
set_location_assignment PIN_F18 -to LEDR[4]
set_location_assignment PIN_E18 -to LEDR[5]
set_location_assignment PIN_J19 -to LEDR[6]
set_location_assignment PIN_H19 -to LEDR[7]
set_location_assignment PIN_J17 -to LEDR[8]
set_location_assignment PIN_G17 -to LEDR[9]
set_location_assignment PIN_J15 -to LEDR[10]
set_location_assignment PIN_H16 -to LEDR[11]
set_location_assignment PIN_J16 -to LEDR[12]
set_location_assignment PIN_H17 -to LEDR[13]
set_location_assignment PIN_F15 -to LEDR[14]
set_location_assignment PIN_G15 -to LEDR[15]
set_location_assignment PIN_G16 -to LEDR[16]
set_location_assignment PIN_H15 -to LEDR[17]

set_location_assignment PIN_E21 -to LEDG[0]
set_location_assignment PIN_E22 -to LEDG[1]
set_location_assignment PIN_E25 -to LEDG[2]
set_location_assignment PIN_E24 -to LEDG[3]
set_location_assignment PIN_H21 -to LEDG[4]
set_location_assignment PIN_G20 -to LEDG[5]
set_location_assignment PIN_G22 -to LEDG[6]
set_location_assignment PIN_G21 -to LEDG[7]
set_location_assignment PIN_F17 -to LEDG[8]

set_instance_assignment -name IO_STANDARD "3.3-V LVTTL" -to LEDR[*]
set_instance_assignment -name IO_STANDARD "3.3-V LVTTL" -to LEDG[*]


set_global_assignment -name LAST_QUARTUS_VERSION "18.1.0 Lite Edition"
set_global_assignment -name MAX_CORE_JUNCTION_TEMP 85
set_global_assignment -name MIN_CORE_JUNCTION_TEMP 0
set_global_assignment -name POWER_BOARD_THERMAL_MODEL "NONE (CONSERVATIVE)"
set_global_assignment -name POWER_PRESET_COOLING_SOLUTION "23 MM HEAT SINK WITH 200 LFPM AIRFLOW"
set_global_assignment -name PARTITION_NETLIST_TYPE SOURCE -section_id Top
set_global_assignment -name PARTITION_FITTER_PRESERVATION_LEVEL PLACEMENT_AND_ROUTING -section_id Top
set_global_assignment -name PARTITION_COLOR 16764057 -section_id Top
set_global_assignment -name TIMING_ANALYZER_MULTICORNER_ANALYSIS ON
set_global_assignment -name NUM_PARALLEL_PROCESSORS ALL
set_global_assignment -name ENABLE_SIGNALTAP ON
set_global_assignment -name USE_SIGNALTAP_FILE stp1.stp

set_global_assignment -name SMART_RECOMPILE ON
set_global_assignment -name QSYS_FILE fft_ip.qsys
set_global_assignment -name SDC_FILE radar_top.sdc
set_global_assignment -name QIP_FILE rom_ip.qip
set_global_assignment -name QIP_FILE audio_pll.qip
set_global_assignment -name SYSTEMVERILOG_FILE wm8731_i2c_init.sv
set_global_assignment -name SYSTEMVERILOG_FILE radar_top.sv
set_global_assignment -name SYSTEMVERILOG_FILE overlap_buffer.sv
set_global_assignment -name SYSTEMVERILOG_FILE i2s_rx.sv
set_global_assignment -name SYSTEMVERILOG_FILE hamming_window.sv
set_global_assignment -name VERILOG_FILE rom_ip.v
set_global_assignment -name VERILOG_FILE audio_pll.v
set_global_assignment -name SLD_NODE_CREATOR_ID 110 -section_id fft_test
set_global_assignment -name SLD_NODE_ENTITY_NAME sld_signaltap -section_id fft_test
set_instance_assignment -name CONNECT_TO_SLD_NODE_ENTITY_PORT acq_clk -to CLOCK_50 -section_id fft_test
set_instance_assignment -name CONNECT_TO_SLD_NODE_ENTITY_PORT acq_trigger_in[0] -to "fft_ip:fft_ip_inst|source_eop" -section_id fft_test
set_instance_assignment -name CONNECT_TO_SLD_NODE_ENTITY_PORT acq_trigger_in[1] -to "fft_ip:fft_ip_inst|source_exp[0]" -section_id fft_test
set_instance_assignment -name CONNECT_TO_SLD_NODE_ENTITY_PORT acq_trigger_in[2] -to "fft_ip:fft_ip_inst|source_exp[1]" -section_id fft_test
set_instance_assignment -name CONNECT_TO_SLD_NODE_ENTITY_PORT acq_trigger_in[3] -to "fft_ip:fft_ip_inst|source_exp[2]" -section_id fft_test
set_instance_assignment -name CONNECT_TO_SLD_NODE_ENTITY_PORT acq_trigger_in[4] -to "fft_ip:fft_ip_inst|source_exp[3]" -section_id fft_test
set_instance_assignment -name CONNECT_TO_SLD_NODE_ENTITY_PORT acq_trigger_in[5] -to "fft_ip:fft_ip_inst|source_exp[4]" -section_id fft_test
set_instance_assignment -name CONNECT_TO_SLD_NODE_ENTITY_PORT acq_trigger_in[6] -to "fft_ip:fft_ip_inst|source_exp[5]" -section_id fft_test
set_instance_assignment -name CONNECT_TO_SLD_NODE_ENTITY_PORT acq_trigger_in[7] -to "fft_ip:fft_ip_inst|source_imag[0]" -section_id fft_test
set_instance_assignment -name CONNECT_TO_SLD_NODE_ENTITY_PORT acq_trigger_in[8] -to "fft_ip:fft_ip_inst|source_imag[10]" -section_id fft_test
set_instance_assignment -name CONNECT_TO_SLD_NODE_ENTITY_PORT acq_trigger_in[9] -to "fft_ip:fft_ip_inst|source_imag[11]" -section_id fft_test
set_instance_assignment -name CONNECT_TO_SLD_NODE_ENTITY_PORT acq_trigger_in[10] -to "fft_ip:fft_ip_inst|source_imag[12]" -section_id fft_test
set_instance_assignment -name CONNECT_TO_SLD_NODE_ENTITY_PORT acq_trigger_in[11] -to "fft_ip:fft_ip_inst|source_imag[13]" -section_id fft_test
set_instance_assignment -name CONNECT_TO_SLD_NODE_ENTITY_PORT acq_trigger_in[12] -to "fft_ip:fft_ip_inst|source_imag[14]" -section_id fft_test
set_instance_assignment -name CONNECT_TO_SLD_NODE_ENTITY_PORT acq_trigger_in[13] -to "fft_ip:fft_ip_inst|source_imag[15]" -section_id fft_test
set_instance_assignment -name CONNECT_TO_SLD_NODE_ENTITY_PORT acq_trigger_in[14] -to "fft_ip:fft_ip_inst|source_imag[16]" -section_id fft_test
set_instance_assignment -name CONNECT_TO_SLD_NODE_ENTITY_PORT acq_trigger_in[15] -to "fft_ip:fft_ip_inst|source_imag[17]" -section_id fft_test
set_instance_assignment -name CONNECT_TO_SLD_NODE_ENTITY_PORT acq_trigger_in[16] -to "fft_ip:fft_ip_inst|source_imag[18]" -section_id fft_test
set_instance_assignment -name CONNECT_TO_SLD_NODE_ENTITY_PORT acq_trigger_in[17] -to "fft_ip:fft_ip_inst|source_imag[19]" -section_id fft_test
set_instance_assignment -name CONNECT_TO_SLD_NODE_ENTITY_PORT acq_trigger_in[18] -to "fft_ip:fft_ip_inst|source_imag[1]" -section_id fft_test
set_instance_assignment -name CONNECT_TO_SLD_NODE_ENTITY_PORT acq_trigger_in[19] -to "fft_ip:fft_ip_inst|source_imag[20]" -section_id fft_test
set_instance_assignment -name CONNECT_TO_SLD_NODE_ENTITY_PORT acq_trigger_in[20] -to "fft_ip:fft_ip_inst|source_imag[21]" -section_id fft_test
set_instance_assignment -name CONNECT_TO_SLD_NODE_ENTITY_PORT acq_trigger_in[21] -to "fft_ip:fft_ip_inst|source_imag[22]" -section_id fft_test
set_instance_assignment -name CONNECT_TO_SLD_NODE_ENTITY_PORT acq_trigger_in[22] -to "fft_ip:fft_ip_inst|source_imag[23]" -section_id fft_test
set_instance_assignment -name CONNECT_TO_SLD_NODE_ENTITY_PORT acq_trigger_in[23] -to "fft_ip:fft_ip_inst|source_imag[2]" -section_id fft_test
set_instance_assignment -name CONNECT_TO_SLD_NODE_ENTITY_PORT acq_trigger_in[24] -to "fft_ip:fft_ip_inst|source_imag[3]" -section_id fft_test
set_instance_assignment -name CONNECT_TO_SLD_NODE_ENTITY_PORT acq_trigger_in[25] -to "fft_ip:fft_ip_inst|source_imag[4]" -section_id fft_test
set_instance_assignment -name CONNECT_TO_SLD_NODE_ENTITY_PORT acq_trigger_in[26] -to "fft_ip:fft_ip_inst|source_imag[5]" -section_id fft_test
set_instance_assignment -name CONNECT_TO_SLD_NODE_ENTITY_PORT acq_trigger_in[27] -to "fft_ip:fft_ip_inst|source_imag[6]" -section_id fft_test
set_instance_assignment -name CONNECT_TO_SLD_NODE_ENTITY_PORT acq_trigger_in[28] -to "fft_ip:fft_ip_inst|source_imag[7]" -section_id fft_test
set_instance_assignment -name CONNECT_TO_SLD_NODE_ENTITY_PORT acq_trigger_in[29] -to "fft_ip:fft_ip_inst|source_imag[8]" -section_id fft_test
set_instance_assignment -name CONNECT_TO_SLD_NODE_ENTITY_PORT acq_trigger_in[30] -to "fft_ip:fft_ip_inst|source_imag[9]" -section_id fft_test
set_instance_assignment -name CONNECT_TO_SLD_NODE_ENTITY_PORT acq_trigger_in[31] -to "fft_ip:fft_ip_inst|source_real[0]" -section_id fft_test
set_instance_assignment -name CONNECT_TO_SLD_NODE_ENTITY_PORT acq_trigger_in[32] -to "fft_ip:fft_ip_inst|source_real[10]" -section_id fft_test
set_instance_assignment -name CONNECT_TO_SLD_NODE_ENTITY_PORT acq_trigger_in[33] -to "fft_ip:fft_ip_inst|source_real[11]" -section_id fft_test
set_instance_assignment -name CONNECT_TO_SLD_NODE_ENTITY_PORT acq_trigger_in[34] -to "fft_ip:fft_ip_inst|source_real[12]" -section_id fft_test
set_instance_assignment -name CONNECT_TO_SLD_NODE_ENTITY_PORT acq_trigger_in[35] -to "fft_ip:fft_ip_inst|source_real[13]" -section_id fft_test
set_instance_assignment -name CONNECT_TO_SLD_NODE_ENTITY_PORT acq_trigger_in[36] -to "fft_ip:fft_ip_inst|source_real[14]" -section_id fft_test
set_instance_assignment -name CONNECT_TO_SLD_NODE_ENTITY_PORT acq_trigger_in[37] -to "fft_ip:fft_ip_inst|source_real[15]" -section_id fft_test
set_instance_assignment -name CONNECT_TO_SLD_NODE_ENTITY_PORT acq_trigger_in[38] -to "fft_ip:fft_ip_inst|source_real[16]" -section_id fft_test
set_instance_assignment -name CONNECT_TO_SLD_NODE_ENTITY_PORT acq_trigger_in[39] -to "fft_ip:fft_ip_inst|source_real[17]" -section_id fft_test
set_instance_assignment -name CONNECT_TO_SLD_NODE_ENTITY_PORT acq_trigger_in[40] -to "fft_ip:fft_ip_inst|source_real[18]" -section_id fft_test
set_instance_assignment -name CONNECT_TO_SLD_NODE_ENTITY_PORT acq_trigger_in[41] -to "fft_ip:fft_ip_inst|source_real[19]" -section_id fft_test
set_instance_assignment -name CONNECT_TO_SLD_NODE_ENTITY_PORT acq_trigger_in[42] -to "fft_ip:fft_ip_inst|source_real[1]" -section_id fft_test
set_instance_assignment -name CONNECT_TO_SLD_NODE_ENTITY_PORT acq_trigger_in[43] -to "fft_ip:fft_ip_inst|source_real[20]" -section_id fft_test
set_instance_assignment -name CONNECT_TO_SLD_NODE_ENTITY_PORT acq_trigger_in[44] -to "fft_ip:fft_ip_inst|source_real[21]" -section_id fft_test
set_instance_assignment -name CONNECT_TO_SLD_NODE_ENTITY_PORT acq_trigger_in[45] -to "fft_ip:fft_ip_inst|source_real[22]" -section_id fft_test
set_instance_assignment -name CONNECT_TO_SLD_NODE_ENTITY_PORT acq_trigger_in[46] -to "fft_ip:fft_ip_inst|source_real[23]" -section_id fft_test
set_instance_assignment -name CONNECT_TO_SLD_NODE_ENTITY_PORT acq_trigger_in[47] -to "fft_ip:fft_ip_inst|source_real[2]" -section_id fft_test
set_instance_assignment -name CONNECT_TO_SLD_NODE_ENTITY_PORT acq_trigger_in[48] -to "fft_ip:fft_ip_inst|source_real[3]" -section_id fft_test
set_instance_assignment -name CONNECT_TO_SLD_NODE_ENTITY_PORT acq_trigger_in[49] -to "fft_ip:fft_ip_inst|source_real[4]" -section_id fft_test
set_instance_assignment -name CONNECT_TO_SLD_NODE_ENTITY_PORT acq_trigger_in[50] -to "fft_ip:fft_ip_inst|source_real[5]" -section_id fft_test
set_instance_assignment -name CONNECT_TO_SLD_NODE_ENTITY_PORT acq_trigger_in[51] -to "fft_ip:fft_ip_inst|source_real[6]" -section_id fft_test
set_instance_assignment -name CONNECT_TO_SLD_NODE_ENTITY_PORT acq_trigger_in[52] -to "fft_ip:fft_ip_inst|source_real[7]" -section_id fft_test
set_instance_assignment -name CONNECT_TO_SLD_NODE_ENTITY_PORT acq_trigger_in[53] -to "fft_ip:fft_ip_inst|source_real[8]" -section_id fft_test
set_instance_assignment -name CONNECT_TO_SLD_NODE_ENTITY_PORT acq_trigger_in[54] -to "fft_ip:fft_ip_inst|source_real[9]" -section_id fft_test
set_instance_assignment -name CONNECT_TO_SLD_NODE_ENTITY_PORT acq_trigger_in[55] -to "fft_ip:fft_ip_inst|source_sop" -section_id fft_test
set_instance_assignment -name CONNECT_TO_SLD_NODE_ENTITY_PORT acq_trigger_in[56] -to "fft_ip:fft_ip_inst|source_valid" -section_id fft_test
set_instance_assignment -name CONNECT_TO_SLD_NODE_ENTITY_PORT acq_data_in[0] -to "fft_ip:fft_ip_inst|source_eop" -section_id fft_test
set_instance_assignment -name CONNECT_TO_SLD_NODE_ENTITY_PORT acq_data_in[1] -to "fft_ip:fft_ip_inst|source_exp[0]" -section_id fft_test
set_instance_assignment -name CONNECT_TO_SLD_NODE_ENTITY_PORT acq_data_in[2] -to "fft_ip:fft_ip_inst|source_exp[1]" -section_id fft_test
set_instance_assignment -name CONNECT_TO_SLD_NODE_ENTITY_PORT acq_data_in[3] -to "fft_ip:fft_ip_inst|source_exp[2]" -section_id fft_test
set_instance_assignment -name CONNECT_TO_SLD_NODE_ENTITY_PORT acq_data_in[4] -to "fft_ip:fft_ip_inst|source_exp[3]" -section_id fft_test
set_instance_assignment -name CONNECT_TO_SLD_NODE_ENTITY_PORT acq_data_in[5] -to "fft_ip:fft_ip_inst|source_exp[4]" -section_id fft_test
set_instance_assignment -name CONNECT_TO_SLD_NODE_ENTITY_PORT acq_data_in[6] -to "fft_ip:fft_ip_inst|source_exp[5]" -section_id fft_test
set_instance_assignment -name CONNECT_TO_SLD_NODE_ENTITY_PORT acq_data_in[7] -to "fft_ip:fft_ip_inst|source_imag[0]" -section_id fft_test
set_instance_assignment -name CONNECT_TO_SLD_NODE_ENTITY_PORT acq_data_in[8] -to "fft_ip:fft_ip_inst|source_imag[10]" -section_id fft_test
set_instance_assignment -name CONNECT_TO_SLD_NODE_ENTITY_PORT acq_data_in[9] -to "fft_ip:fft_ip_inst|source_imag[11]" -section_id fft_test
set_instance_assignment -name CONNECT_TO_SLD_NODE_ENTITY_PORT acq_data_in[10] -to "fft_ip:fft_ip_inst|source_imag[12]" -section_id fft_test
set_instance_assignment -name CONNECT_TO_SLD_NODE_ENTITY_PORT acq_data_in[11] -to "fft_ip:fft_ip_inst|source_imag[13]" -section_id fft_test
set_instance_assignment -name CONNECT_TO_SLD_NODE_ENTITY_PORT acq_data_in[12] -to "fft_ip:fft_ip_inst|source_imag[14]" -section_id fft_test
set_instance_assignment -name CONNECT_TO_SLD_NODE_ENTITY_PORT acq_data_in[13] -to "fft_ip:fft_ip_inst|source_imag[15]" -section_id fft_test
set_instance_assignment -name CONNECT_TO_SLD_NODE_ENTITY_PORT acq_data_in[14] -to "fft_ip:fft_ip_inst|source_imag[16]" -section_id fft_test
set_instance_assignment -name CONNECT_TO_SLD_NODE_ENTITY_PORT acq_data_in[15] -to "fft_ip:fft_ip_inst|source_imag[17]" -section_id fft_test
set_instance_assignment -name CONNECT_TO_SLD_NODE_ENTITY_PORT acq_data_in[16] -to "fft_ip:fft_ip_inst|source_imag[18]" -section_id fft_test
set_instance_assignment -name CONNECT_TO_SLD_NODE_ENTITY_PORT acq_data_in[17] -to "fft_ip:fft_ip_inst|source_imag[19]" -section_id fft_test
set_instance_assignment -name CONNECT_TO_SLD_NODE_ENTITY_PORT acq_data_in[18] -to "fft_ip:fft_ip_inst|source_imag[1]" -section_id fft_test
set_instance_assignment -name CONNECT_TO_SLD_NODE_ENTITY_PORT acq_data_in[19] -to "fft_ip:fft_ip_inst|source_imag[20]" -section_id fft_test
set_instance_assignment -name CONNECT_TO_SLD_NODE_ENTITY_PORT acq_data_in[20] -to "fft_ip:fft_ip_inst|source_imag[21]" -section_id fft_test
set_instance_assignment -name CONNECT_TO_SLD_NODE_ENTITY_PORT acq_data_in[21] -to "fft_ip:fft_ip_inst|source_imag[22]" -section_id fft_test
set_instance_assignment -name CONNECT_TO_SLD_NODE_ENTITY_PORT acq_data_in[22] -to "fft_ip:fft_ip_inst|source_imag[23]" -section_id fft_test
set_instance_assignment -name CONNECT_TO_SLD_NODE_ENTITY_PORT acq_data_in[23] -to "fft_ip:fft_ip_inst|source_imag[2]" -section_id fft_test
set_instance_assignment -name CONNECT_TO_SLD_NODE_ENTITY_PORT acq_data_in[24] -to "fft_ip:fft_ip_inst|source_imag[3]" -section_id fft_test
set_instance_assignment -name CONNECT_TO_SLD_NODE_ENTITY_PORT acq_data_in[25] -to "fft_ip:fft_ip_inst|source_imag[4]" -section_id fft_test
set_instance_assignment -name CONNECT_TO_SLD_NODE_ENTITY_PORT acq_data_in[26] -to "fft_ip:fft_ip_inst|source_imag[5]" -section_id fft_test
set_instance_assignment -name CONNECT_TO_SLD_NODE_ENTITY_PORT acq_data_in[27] -to "fft_ip:fft_ip_inst|source_imag[6]" -section_id fft_test
set_instance_assignment -name CONNECT_TO_SLD_NODE_ENTITY_PORT acq_data_in[28] -to "fft_ip:fft_ip_inst|source_imag[7]" -section_id fft_test
set_instance_assignment -name CONNECT_TO_SLD_NODE_ENTITY_PORT acq_data_in[29] -to "fft_ip:fft_ip_inst|source_imag[8]" -section_id fft_test
set_instance_assignment -name CONNECT_TO_SLD_NODE_ENTITY_PORT acq_data_in[30] -to "fft_ip:fft_ip_inst|source_imag[9]" -section_id fft_test
set_instance_assignment -name CONNECT_TO_SLD_NODE_ENTITY_PORT acq_data_in[31] -to "fft_ip:fft_ip_inst|source_real[0]" -section_id fft_test
set_instance_assignment -name CONNECT_TO_SLD_NODE_ENTITY_PORT acq_data_in[32] -to "fft_ip:fft_ip_inst|source_real[10]" -section_id fft_test
set_instance_assignment -name CONNECT_TO_SLD_NODE_ENTITY_PORT acq_data_in[33] -to "fft_ip:fft_ip_inst|source_real[11]" -section_id fft_test
set_instance_assignment -name CONNECT_TO_SLD_NODE_ENTITY_PORT acq_data_in[34] -to "fft_ip:fft_ip_inst|source_real[12]" -section_id fft_test
set_instance_assignment -name CONNECT_TO_SLD_NODE_ENTITY_PORT acq_data_in[35] -to "fft_ip:fft_ip_inst|source_real[13]" -section_id fft_test
set_instance_assignment -name CONNECT_TO_SLD_NODE_ENTITY_PORT acq_data_in[36] -to "fft_ip:fft_ip_inst|source_real[14]" -section_id fft_test
set_instance_assignment -name CONNECT_TO_SLD_NODE_ENTITY_PORT acq_data_in[37] -to "fft_ip:fft_ip_inst|source_real[15]" -section_id fft_test
set_instance_assignment -name CONNECT_TO_SLD_NODE_ENTITY_PORT acq_data_in[38] -to "fft_ip:fft_ip_inst|source_real[16]" -section_id fft_test
set_instance_assignment -name CONNECT_TO_SLD_NODE_ENTITY_PORT acq_data_in[39] -to "fft_ip:fft_ip_inst|source_real[17]" -section_id fft_test
set_instance_assignment -name CONNECT_TO_SLD_NODE_ENTITY_PORT acq_data_in[40] -to "fft_ip:fft_ip_inst|source_real[18]" -section_id fft_test
set_instance_assignment -name CONNECT_TO_SLD_NODE_ENTITY_PORT acq_data_in[41] -to "fft_ip:fft_ip_inst|source_real[19]" -section_id fft_test
set_instance_assignment -name CONNECT_TO_SLD_NODE_ENTITY_PORT acq_data_in[42] -to "fft_ip:fft_ip_inst|source_real[1]" -section_id fft_test
set_instance_assignment -name CONNECT_TO_SLD_NODE_ENTITY_PORT acq_data_in[43] -to "fft_ip:fft_ip_inst|source_real[20]" -section_id fft_test
set_instance_assignment -name CONNECT_TO_SLD_NODE_ENTITY_PORT acq_data_in[44] -to "fft_ip:fft_ip_inst|source_real[21]" -section_id fft_test
set_instance_assignment -name CONNECT_TO_SLD_NODE_ENTITY_PORT acq_data_in[45] -to "fft_ip:fft_ip_inst|source_real[22]" -section_id fft_test
set_instance_assignment -name CONNECT_TO_SLD_NODE_ENTITY_PORT acq_data_in[46] -to "fft_ip:fft_ip_inst|source_real[23]" -section_id fft_test
set_instance_assignment -name CONNECT_TO_SLD_NODE_ENTITY_PORT acq_data_in[47] -to "fft_ip:fft_ip_inst|source_real[2]" -section_id fft_test
set_instance_assignment -name CONNECT_TO_SLD_NODE_ENTITY_PORT acq_data_in[48] -to "fft_ip:fft_ip_inst|source_real[3]" -section_id fft_test
set_instance_assignment -name CONNECT_TO_SLD_NODE_ENTITY_PORT acq_data_in[49] -to "fft_ip:fft_ip_inst|source_real[4]" -section_id fft_test
set_instance_assignment -name CONNECT_TO_SLD_NODE_ENTITY_PORT acq_data_in[50] -to "fft_ip:fft_ip_inst|source_real[5]" -section_id fft_test
set_instance_assignment -name CONNECT_TO_SLD_NODE_ENTITY_PORT acq_data_in[51] -to "fft_ip:fft_ip_inst|source_real[6]" -section_id fft_test
set_instance_assignment -name CONNECT_TO_SLD_NODE_ENTITY_PORT acq_data_in[52] -to "fft_ip:fft_ip_inst|source_real[7]" -section_id fft_test
set_instance_assignment -name CONNECT_TO_SLD_NODE_ENTITY_PORT acq_data_in[53] -to "fft_ip:fft_ip_inst|source_real[8]" -section_id fft_test
set_instance_assignment -name CONNECT_TO_SLD_NODE_ENTITY_PORT acq_data_in[54] -to "fft_ip:fft_ip_inst|source_real[9]" -section_id fft_test
set_instance_assignment -name CONNECT_TO_SLD_NODE_ENTITY_PORT acq_data_in[55] -to "fft_ip:fft_ip_inst|source_sop" -section_id fft_test
set_instance_assignment -name CONNECT_TO_SLD_NODE_ENTITY_PORT acq_data_in[56] -to "fft_ip:fft_ip_inst|source_valid" -section_id fft_test
set_instance_assignment -name CONNECT_TO_SLD_NODE_ENTITY_PORT acq_storage_qualifier_in[0] -to "fft_ip:fft_ip_inst|source_eop" -section_id fft_test
set_instance_assignment -name CONNECT_TO_SLD_NODE_ENTITY_PORT acq_storage_qualifier_in[1] -to "fft_ip:fft_ip_inst|source_exp[0]" -section_id fft_test
set_instance_assignment -name CONNECT_TO_SLD_NODE_ENTITY_PORT acq_storage_qualifier_in[2] -to "fft_ip:fft_ip_inst|source_exp[1]" -section_id fft_test
set_instance_assignment -name CONNECT_TO_SLD_NODE_ENTITY_PORT acq_storage_qualifier_in[3] -to "fft_ip:fft_ip_inst|source_exp[2]" -section_id fft_test
set_instance_assignment -name CONNECT_TO_SLD_NODE_ENTITY_PORT acq_storage_qualifier_in[4] -to "fft_ip:fft_ip_inst|source_exp[3]" -section_id fft_test
set_instance_assignment -name CONNECT_TO_SLD_NODE_ENTITY_PORT acq_storage_qualifier_in[5] -to "fft_ip:fft_ip_inst|source_exp[4]" -section_id fft_test
set_instance_assignment -name CONNECT_TO_SLD_NODE_ENTITY_PORT acq_storage_qualifier_in[6] -to "fft_ip:fft_ip_inst|source_exp[5]" -section_id fft_test
set_instance_assignment -name CONNECT_TO_SLD_NODE_ENTITY_PORT acq_storage_qualifier_in[7] -to "fft_ip:fft_ip_inst|source_imag[0]" -section_id fft_test
set_instance_assignment -name CONNECT_TO_SLD_NODE_ENTITY_PORT acq_storage_qualifier_in[8] -to "fft_ip:fft_ip_inst|source_imag[10]" -section_id fft_test
set_instance_assignment -name CONNECT_TO_SLD_NODE_ENTITY_PORT acq_storage_qualifier_in[9] -to "fft_ip:fft_ip_inst|source_imag[11]" -section_id fft_test
set_instance_assignment -name CONNECT_TO_SLD_NODE_ENTITY_PORT acq_storage_qualifier_in[10] -to "fft_ip:fft_ip_inst|source_imag[12]" -section_id fft_test
set_instance_assignment -name CONNECT_TO_SLD_NODE_ENTITY_PORT acq_storage_qualifier_in[11] -to "fft_ip:fft_ip_inst|source_imag[13]" -section_id fft_test
set_instance_assignment -name CONNECT_TO_SLD_NODE_ENTITY_PORT acq_storage_qualifier_in[12] -to "fft_ip:fft_ip_inst|source_imag[14]" -section_id fft_test
set_instance_assignment -name CONNECT_TO_SLD_NODE_ENTITY_PORT acq_storage_qualifier_in[13] -to "fft_ip:fft_ip_inst|source_imag[15]" -section_id fft_test
set_instance_assignment -name CONNECT_TO_SLD_NODE_ENTITY_PORT acq_storage_qualifier_in[14] -to "fft_ip:fft_ip_inst|source_imag[16]" -section_id fft_test
set_instance_assignment -name CONNECT_TO_SLD_NODE_ENTITY_PORT acq_storage_qualifier_in[15] -to "fft_ip:fft_ip_inst|source_imag[17]" -section_id fft_test
set_instance_assignment -name CONNECT_TO_SLD_NODE_ENTITY_PORT acq_storage_qualifier_in[16] -to "fft_ip:fft_ip_inst|source_imag[18]" -section_id fft_test
set_instance_assignment -name CONNECT_TO_SLD_NODE_ENTITY_PORT acq_storage_qualifier_in[17] -to "fft_ip:fft_ip_inst|source_imag[19]" -section_id fft_test
set_instance_assignment -name CONNECT_TO_SLD_NODE_ENTITY_PORT acq_storage_qualifier_in[18] -to "fft_ip:fft_ip_inst|source_imag[1]" -section_id fft_test
set_instance_assignment -name CONNECT_TO_SLD_NODE_ENTITY_PORT acq_storage_qualifier_in[19] -to "fft_ip:fft_ip_inst|source_imag[20]" -section_id fft_test
set_instance_assignment -name CONNECT_TO_SLD_NODE_ENTITY_PORT acq_storage_qualifier_in[20] -to "fft_ip:fft_ip_inst|source_imag[21]" -section_id fft_test
set_instance_assignment -name CONNECT_TO_SLD_NODE_ENTITY_PORT acq_storage_qualifier_in[21] -to "fft_ip:fft_ip_inst|source_imag[22]" -section_id fft_test
set_instance_assignment -name CONNECT_TO_SLD_NODE_ENTITY_PORT acq_storage_qualifier_in[22] -to "fft_ip:fft_ip_inst|source_imag[23]" -section_id fft_test
set_instance_assignment -name CONNECT_TO_SLD_NODE_ENTITY_PORT acq_storage_qualifier_in[23] -to "fft_ip:fft_ip_inst|source_imag[2]" -section_id fft_test
set_instance_assignment -name CONNECT_TO_SLD_NODE_ENTITY_PORT acq_storage_qualifier_in[24] -to "fft_ip:fft_ip_inst|source_imag[3]" -section_id fft_test
set_instance_assignment -name CONNECT_TO_SLD_NODE_ENTITY_PORT acq_storage_qualifier_in[25] -to "fft_ip:fft_ip_inst|source_imag[4]" -section_id fft_test
set_instance_assignment -name CONNECT_TO_SLD_NODE_ENTITY_PORT acq_storage_qualifier_in[26] -to "fft_ip:fft_ip_inst|source_imag[5]" -section_id fft_test
set_instance_assignment -name CONNECT_TO_SLD_NODE_ENTITY_PORT acq_storage_qualifier_in[27] -to "fft_ip:fft_ip_inst|source_imag[6]" -section_id fft_test
set_instance_assignment -name CONNECT_TO_SLD_NODE_ENTITY_PORT acq_storage_qualifier_in[28] -to "fft_ip:fft_ip_inst|source_imag[7]" -section_id fft_test
set_instance_assignment -name CONNECT_TO_SLD_NODE_ENTITY_PORT acq_storage_qualifier_in[29] -to "fft_ip:fft_ip_inst|source_imag[8]" -section_id fft_test
set_instance_assignment -name CONNECT_TO_SLD_NODE_ENTITY_PORT acq_storage_qualifier_in[30] -to "fft_ip:fft_ip_inst|source_imag[9]" -section_id fft_test
set_instance_assignment -name CONNECT_TO_SLD_NODE_ENTITY_PORT acq_storage_qualifier_in[31] -to "fft_ip:fft_ip_inst|source_real[0]" -section_id fft_test
set_instance_assignment -name CONNECT_TO_SLD_NODE_ENTITY_PORT acq_storage_qualifier_in[32] -to "fft_ip:fft_ip_inst|source_real[10]" -section_id fft_test
set_instance_assignment -name CONNECT_TO_SLD_NODE_ENTITY_PORT acq_storage_qualifier_in[33] -to "fft_ip:fft_ip_inst|source_real[11]" -section_id fft_test
set_instance_assignment -name CONNECT_TO_SLD_NODE_ENTITY_PORT acq_storage_qualifier_in[34] -to "fft_ip:fft_ip_inst|source_real[12]" -section_id fft_test
set_instance_assignment -name CONNECT_TO_SLD_NODE_ENTITY_PORT acq_storage_qualifier_in[35] -to "fft_ip:fft_ip_inst|source_real[13]" -section_id fft_test
set_instance_assignment -name CONNECT_TO_SLD_NODE_ENTITY_PORT acq_storage_qualifier_in[36] -to "fft_ip:fft_ip_inst|source_real[14]" -section_id fft_test
set_instance_assignment -name CONNECT_TO_SLD_NODE_ENTITY_PORT acq_storage_qualifier_in[37] -to "fft_ip:fft_ip_inst|source_real[15]" -section_id fft_test
set_instance_assignment -name CONNECT_TO_SLD_NODE_ENTITY_PORT acq_storage_qualifier_in[38] -to "fft_ip:fft_ip_inst|source_real[16]" -section_id fft_test
set_instance_assignment -name CONNECT_TO_SLD_NODE_ENTITY_PORT acq_storage_qualifier_in[39] -to "fft_ip:fft_ip_inst|source_real[17]" -section_id fft_test
set_instance_assignment -name CONNECT_TO_SLD_NODE_ENTITY_PORT acq_storage_qualifier_in[40] -to "fft_ip:fft_ip_inst|source_real[18]" -section_id fft_test
set_instance_assignment -name CONNECT_TO_SLD_NODE_ENTITY_PORT acq_storage_qualifier_in[41] -to "fft_ip:fft_ip_inst|source_real[19]" -section_id fft_test
set_instance_assignment -name CONNECT_TO_SLD_NODE_ENTITY_PORT acq_storage_qualifier_in[42] -to "fft_ip:fft_ip_inst|source_real[1]" -section_id fft_test
set_instance_assignment -name CONNECT_TO_SLD_NODE_ENTITY_PORT acq_storage_qualifier_in[43] -to "fft_ip:fft_ip_inst|source_real[20]" -section_id fft_test
set_instance_assignment -name CONNECT_TO_SLD_NODE_ENTITY_PORT acq_storage_qualifier_in[44] -to "fft_ip:fft_ip_inst|source_real[21]" -section_id fft_test
set_instance_assignment -name CONNECT_TO_SLD_NODE_ENTITY_PORT acq_storage_qualifier_in[45] -to "fft_ip:fft_ip_inst|source_real[22]" -section_id fft_test
set_instance_assignment -name CONNECT_TO_SLD_NODE_ENTITY_PORT acq_storage_qualifier_in[46] -to "fft_ip:fft_ip_inst|source_real[23]" -section_id fft_test
set_instance_assignment -name CONNECT_TO_SLD_NODE_ENTITY_PORT acq_storage_qualifier_in[47] -to "fft_ip:fft_ip_inst|source_real[2]" -section_id fft_test
set_instance_assignment -name CONNECT_TO_SLD_NODE_ENTITY_PORT acq_storage_qualifier_in[48] -to "fft_ip:fft_ip_inst|source_real[3]" -section_id fft_test
set_instance_assignment -name CONNECT_TO_SLD_NODE_ENTITY_PORT acq_storage_qualifier_in[49] -to "fft_ip:fft_ip_inst|source_real[4]" -section_id fft_test
set_instance_assignment -name CONNECT_TO_SLD_NODE_ENTITY_PORT acq_storage_qualifier_in[50] -to "fft_ip:fft_ip_inst|source_real[5]" -section_id fft_test
set_instance_assignment -name CONNECT_TO_SLD_NODE_ENTITY_PORT acq_storage_qualifier_in[51] -to "fft_ip:fft_ip_inst|source_real[6]" -section_id fft_test
set_instance_assignment -name CONNECT_TO_SLD_NODE_ENTITY_PORT acq_storage_qualifier_in[52] -to "fft_ip:fft_ip_inst|source_real[7]" -section_id fft_test
set_instance_assignment -name CONNECT_TO_SLD_NODE_ENTITY_PORT acq_storage_qualifier_in[53] -to "fft_ip:fft_ip_inst|source_real[8]" -section_id fft_test
set_instance_assignment -name CONNECT_TO_SLD_NODE_ENTITY_PORT acq_storage_qualifier_in[54] -to "fft_ip:fft_ip_inst|source_real[9]" -section_id fft_test
set_instance_assignment -name CONNECT_TO_SLD_NODE_ENTITY_PORT acq_storage_qualifier_in[55] -to "fft_ip:fft_ip_inst|source_sop" -section_id fft_test
set_instance_assignment -name CONNECT_TO_SLD_NODE_ENTITY_PORT acq_storage_qualifier_in[56] -to "fft_ip:fft_ip_inst|source_valid" -section_id fft_test
set_global_assignment -name SLD_NODE_PARAMETER_ASSIGNMENT "SLD_RAM_BLOCK_TYPE=AUTO" -section_id fft_test
set_global_assignment -name SLD_NODE_PARAMETER_ASSIGNMENT "SLD_DATA_BITS=57" -section_id fft_test
set_global_assignment -name SLD_NODE_PARAMETER_ASSIGNMENT "SLD_TRIGGER_BITS=57" -section_id fft_test
set_global_assignment -name SLD_NODE_PARAMETER_ASSIGNMENT "SLD_STORAGE_QUALIFIER_BITS=57" -section_id fft_test
set_global_assignment -name SLD_NODE_PARAMETER_ASSIGNMENT "SLD_NODE_INFO=805334528" -section_id fft_test
set_global_assignment -name SLD_NODE_PARAMETER_ASSIGNMENT "SLD_POWER_UP_TRIGGER=0" -section_id fft_test
set_global_assignment -name SLD_NODE_PARAMETER_ASSIGNMENT "SLD_INVERSION_MASK=0000000000000000000000000000000000000000000000000000000000000000000000000000000000000000000000000000000000000000000000000000000000000000000000000000000000000000000000000000000000000000000000000000000000000000000000000000000000000000000000000000000000000000000000000000000000000000000000000000000000000000000000000000000000000000000000000000000000000000000000000000000000" -section_id fft_test
set_global_assignment -name SLD_NODE_PARAMETER_ASSIGNMENT "SLD_INVERSION_MASK_LENGTH=370" -section_id fft_test
set_global_assignment -name SLD_NODE_PARAMETER_ASSIGNMENT "SLD_STORAGE_QUALIFIER_INVERSION_MASK_LENGTH=172" -section_id fft_test
set_global_assignment -name SLD_NODE_PARAMETER_ASSIGNMENT "SLD_SEGMENT_SIZE=8192" -section_id fft_test
set_global_assignment -name SLD_NODE_PARAMETER_ASSIGNMENT "SLD_ATTRIBUTE_MEM_MODE=OFF" -section_id fft_test
set_global_assignment -name SLD_NODE_PARAMETER_ASSIGNMENT "SLD_STATE_FLOW_USE_GENERATED=0" -section_id fft_test
set_global_assignment -name SLD_NODE_PARAMETER_ASSIGNMENT "SLD_STATE_BITS=11" -section_id fft_test
set_global_assignment -name SLD_NODE_PARAMETER_ASSIGNMENT "SLD_BUFFER_FULL_STOP=1" -section_id fft_test
set_global_assignment -name SLD_NODE_PARAMETER_ASSIGNMENT "SLD_CURRENT_RESOURCE_WIDTH=1" -section_id fft_test
set_global_assignment -name SLD_NODE_PARAMETER_ASSIGNMENT "SLD_STORAGE_QUALIFIER_GAP_RECORD=1" -section_id fft_test
set_global_assignment -name SLD_NODE_PARAMETER_ASSIGNMENT "SLD_STORAGE_QUALIFIER_MODE=COMBINATIONAL" -section_id fft_test
set_global_assignment -name SLD_NODE_PARAMETER_ASSIGNMENT "SLD_INCREMENTAL_ROUTING=1" -section_id fft_test
set_instance_assignment -name POST_FIT_CONNECT_TO_SLD_NODE_ENTITY_PORT crc[0] -to fft_test|gnd -section_id fft_test
set_instance_assignment -name POST_FIT_CONNECT_TO_SLD_NODE_ENTITY_PORT crc[1] -to fft_test|vcc -section_id fft_test
set_instance_assignment -name POST_FIT_CONNECT_TO_SLD_NODE_ENTITY_PORT crc[2] -to fft_test|vcc -section_id fft_test
set_instance_assignment -name POST_FIT_CONNECT_TO_SLD_NODE_ENTITY_PORT crc[3] -to fft_test|vcc -section_id fft_test
set_instance_assignment -name POST_FIT_CONNECT_TO_SLD_NODE_ENTITY_PORT crc[4] -to fft_test|vcc -section_id fft_test
set_instance_assignment -name POST_FIT_CONNECT_TO_SLD_NODE_ENTITY_PORT crc[5] -to fft_test|vcc -section_id fft_test
set_instance_assignment -name POST_FIT_CONNECT_TO_SLD_NODE_ENTITY_PORT crc[6] -to fft_test|vcc -section_id fft_test
set_instance_assignment -name POST_FIT_CONNECT_TO_SLD_NODE_ENTITY_PORT crc[7] -to fft_test|vcc -section_id fft_test
set_instance_assignment -name POST_FIT_CONNECT_TO_SLD_NODE_ENTITY_PORT crc[8] -to fft_test|vcc -section_id fft_test
set_instance_assignment -name POST_FIT_CONNECT_TO_SLD_NODE_ENTITY_PORT crc[9] -to fft_test|gnd -section_id fft_test
set_instance_assignment -name POST_FIT_CONNECT_TO_SLD_NODE_ENTITY_PORT crc[10] -to fft_test|gnd -section_id fft_test
set_instance_assignment -name POST_FIT_CONNECT_TO_SLD_NODE_ENTITY_PORT crc[11] -to fft_test|vcc -section_id fft_test
set_instance_assignment -name POST_FIT_CONNECT_TO_SLD_NODE_ENTITY_PORT crc[12] -to fft_test|vcc -section_id fft_test
set_instance_assignment -name POST_FIT_CONNECT_TO_SLD_NODE_ENTITY_PORT crc[13] -to fft_test|gnd -section_id fft_test
set_instance_assignment -name POST_FIT_CONNECT_TO_SLD_NODE_ENTITY_PORT crc[14] -to fft_test|gnd -section_id fft_test
set_instance_assignment -name POST_FIT_CONNECT_TO_SLD_NODE_ENTITY_PORT crc[15] -to fft_test|vcc -section_id fft_test
set_instance_assignment -name POST_FIT_CONNECT_TO_SLD_NODE_ENTITY_PORT crc[16] -to fft_test|gnd -section_id fft_test
set_instance_assignment -name POST_FIT_CONNECT_TO_SLD_NODE_ENTITY_PORT crc[17] -to fft_test|gnd -section_id fft_test
set_instance_assignment -name POST_FIT_CONNECT_TO_SLD_NODE_ENTITY_PORT crc[18] -to fft_test|gnd -section_id fft_test
set_instance_assignment -name POST_FIT_CONNECT_TO_SLD_NODE_ENTITY_PORT crc[19] -to fft_test|vcc -section_id fft_test
set_instance_assignment -name POST_FIT_CONNECT_TO_SLD_NODE_ENTITY_PORT crc[20] -to fft_test|vcc -section_id fft_test
set_instance_assignment -name POST_FIT_CONNECT_TO_SLD_NODE_ENTITY_PORT crc[21] -to fft_test|vcc -section_id fft_test
set_instance_assignment -name POST_FIT_CONNECT_TO_SLD_NODE_ENTITY_PORT crc[22] -to fft_test|vcc -section_id fft_test
set_instance_assignment -name POST_FIT_CONNECT_TO_SLD_NODE_ENTITY_PORT crc[23] -to fft_test|vcc -section_id fft_test
set_instance_assignment -name POST_FIT_CONNECT_TO_SLD_NODE_ENTITY_PORT crc[24] -to fft_test|gnd -section_id fft_test
set_instance_assignment -name POST_FIT_CONNECT_TO_SLD_NODE_ENTITY_PORT crc[25] -to fft_test|vcc -section_id fft_test
set_instance_assignment -name POST_FIT_CONNECT_TO_SLD_NODE_ENTITY_PORT crc[26] -to fft_test|vcc -section_id fft_test
set_instance_assignment -name POST_FIT_CONNECT_TO_SLD_NODE_ENTITY_PORT crc[27] -to fft_test|vcc -section_id fft_test
set_instance_assignment -name POST_FIT_CONNECT_TO_SLD_NODE_ENTITY_PORT crc[28] -to fft_test|gnd -section_id fft_test
set_instance_assignment -name POST_FIT_CONNECT_TO_SLD_NODE_ENTITY_PORT crc[29] -to fft_test|gnd -section_id fft_test
set_instance_assignment -name POST_FIT_CONNECT_TO_SLD_NODE_ENTITY_PORT crc[30] -to fft_test|vcc -section_id fft_test
set_instance_assignment -name POST_FIT_CONNECT_TO_SLD_NODE_ENTITY_PORT crc[31] -to fft_test|vcc -section_id fft_test
set_global_assignment -name SLD_NODE_PARAMETER_ASSIGNMENT "SLD_TRIGGER_LEVEL=1" -section_id fft_test
set_global_assignment -name SLD_NODE_PARAMETER_ASSIGNMENT "SLD_SAMPLE_DEPTH=8192" -section_id fft_test
set_global_assignment -name SLD_NODE_PARAMETER_ASSIGNMENT "SLD_TRIGGER_IN_ENABLED=0" -section_id fft_test
set_global_assignment -name SLD_NODE_PARAMETER_ASSIGNMENT "SLD_TRIGGER_PIPELINE=0" -section_id fft_test
set_global_assignment -name SLD_NODE_PARAMETER_ASSIGNMENT "SLD_RAM_PIPELINE=0" -section_id fft_test
set_global_assignment -name SLD_NODE_PARAMETER_ASSIGNMENT "SLD_COUNTER_PIPELINE=0" -section_id fft_test
set_global_assignment -name SLD_NODE_PARAMETER_ASSIGNMENT "SLD_ADVANCED_TRIGGER_ENTITY=basic,1," -section_id fft_test
set_global_assignment -name SLD_NODE_PARAMETER_ASSIGNMENT "SLD_TRIGGER_LEVEL_PIPELINE=1" -section_id fft_test
set_global_assignment -name SLD_NODE_PARAMETER_ASSIGNMENT "SLD_ENABLE_ADVANCED_TRIGGER=0" -section_id fft_test
set_global_assignment -name SLD_NODE_PARAMETER_ASSIGNMENT "SLD_STORAGE_QUALIFIER_ENABLE_ADVANCED_CONDITION=0" -section_id fft_test
set_global_assignment -name SLD_NODE_PARAMETER_ASSIGNMENT "SLD_STORAGE_QUALIFIER_PIPELINE=1" -section_id fft_test
set_global_assignment -name SLD_NODE_PARAMETER_ASSIGNMENT "SLD_STORAGE_QUALIFIER_ADVANCED_CONDITION_ENTITY=basic,1," -section_id fft_test
set_global_assignment -name SLD_NODE_CREATOR_ID 110 -section_id auto_signaltap_1
set_global_assignment -name SLD_NODE_ENTITY_NAME sld_signaltap -section_id auto_signaltap_1
set_instance_assignment -name CONNECT_TO_SLD_NODE_ENTITY_PORT acq_clk -to CLOCK_50 -section_id auto_signaltap_1
set_instance_assignment -name CONNECT_TO_SLD_NODE_ENTITY_PORT acq_trigger_in[0] -to AUD_ADCLRCK -section_id auto_signaltap_1
set_instance_assignment -name CONNECT_TO_SLD_NODE_ENTITY_PORT acq_trigger_in[1] -to "i2s_rx:i2s_rx_inst|sample_l[0]" -section_id auto_signaltap_1
set_instance_assignment -name CONNECT_TO_SLD_NODE_ENTITY_PORT acq_trigger_in[2] -to "i2s_rx:i2s_rx_inst|sample_l[10]" -section_id auto_signaltap_1
set_instance_assignment -name CONNECT_TO_SLD_NODE_ENTITY_PORT acq_trigger_in[3] -to "i2s_rx:i2s_rx_inst|sample_l[11]" -section_id auto_signaltap_1
set_instance_assignment -name CONNECT_TO_SLD_NODE_ENTITY_PORT acq_trigger_in[4] -to "i2s_rx:i2s_rx_inst|sample_l[12]" -section_id auto_signaltap_1
set_instance_assignment -name CONNECT_TO_SLD_NODE_ENTITY_PORT acq_trigger_in[5] -to "i2s_rx:i2s_rx_inst|sample_l[13]" -section_id auto_signaltap_1
set_instance_assignment -name CONNECT_TO_SLD_NODE_ENTITY_PORT acq_trigger_in[6] -to "i2s_rx:i2s_rx_inst|sample_l[14]" -section_id auto_signaltap_1
set_instance_assignment -name CONNECT_TO_SLD_NODE_ENTITY_PORT acq_trigger_in[7] -to "i2s_rx:i2s_rx_inst|sample_l[15]" -section_id auto_signaltap_1
set_instance_assignment -name CONNECT_TO_SLD_NODE_ENTITY_PORT acq_trigger_in[8] -to "i2s_rx:i2s_rx_inst|sample_l[16]" -section_id auto_signaltap_1
set_instance_assignment -name CONNECT_TO_SLD_NODE_ENTITY_PORT acq_trigger_in[9] -to "i2s_rx:i2s_rx_inst|sample_l[17]" -section_id auto_signaltap_1
set_instance_assignment -name CONNECT_TO_SLD_NODE_ENTITY_PORT acq_trigger_in[10] -to "i2s_rx:i2s_rx_inst|sample_l[18]" -section_id auto_signaltap_1
set_instance_assignment -name CONNECT_TO_SLD_NODE_ENTITY_PORT acq_trigger_in[11] -to "i2s_rx:i2s_rx_inst|sample_l[19]" -section_id auto_signaltap_1
set_instance_assignment -name CONNECT_TO_SLD_NODE_ENTITY_PORT acq_trigger_in[12] -to "i2s_rx:i2s_rx_inst|sample_l[1]" -section_id auto_signaltap_1
set_instance_assignment -name CONNECT_TO_SLD_NODE_ENTITY_PORT acq_trigger_in[13] -to "i2s_rx:i2s_rx_inst|sample_l[20]" -section_id auto_signaltap_1
set_instance_assignment -name CONNECT_TO_SLD_NODE_ENTITY_PORT acq_trigger_in[14] -to "i2s_rx:i2s_rx_inst|sample_l[21]" -section_id auto_signaltap_1
set_instance_assignment -name CONNECT_TO_SLD_NODE_ENTITY_PORT acq_trigger_in[15] -to "i2s_rx:i2s_rx_inst|sample_l[22]" -section_id auto_signaltap_1
set_instance_assignment -name CONNECT_TO_SLD_NODE_ENTITY_PORT acq_trigger_in[16] -to "i2s_rx:i2s_rx_inst|sample_l[23]" -section_id auto_signaltap_1
set_instance_assignment -name CONNECT_TO_SLD_NODE_ENTITY_PORT acq_trigger_in[17] -to "i2s_rx:i2s_rx_inst|sample_l[2]" -section_id auto_signaltap_1
set_instance_assignment -name CONNECT_TO_SLD_NODE_ENTITY_PORT acq_trigger_in[18] -to "i2s_rx:i2s_rx_inst|sample_l[3]" -section_id auto_signaltap_1
set_instance_assignment -name CONNECT_TO_SLD_NODE_ENTITY_PORT acq_trigger_in[19] -to "i2s_rx:i2s_rx_inst|sample_l[4]" -section_id auto_signaltap_1
set_instance_assignment -name CONNECT_TO_SLD_NODE_ENTITY_PORT acq_trigger_in[20] -to "i2s_rx:i2s_rx_inst|sample_l[5]" -section_id auto_signaltap_1
set_instance_assignment -name CONNECT_TO_SLD_NODE_ENTITY_PORT acq_trigger_in[21] -to "i2s_rx:i2s_rx_inst|sample_l[6]" -section_id auto_signaltap_1
set_instance_assignment -name CONNECT_TO_SLD_NODE_ENTITY_PORT acq_trigger_in[22] -to "i2s_rx:i2s_rx_inst|sample_l[7]" -section_id auto_signaltap_1
set_instance_assignment -name CONNECT_TO_SLD_NODE_ENTITY_PORT acq_trigger_in[23] -to "i2s_rx:i2s_rx_inst|sample_l[8]" -section_id auto_signaltap_1
set_instance_assignment -name CONNECT_TO_SLD_NODE_ENTITY_PORT acq_trigger_in[24] -to "i2s_rx:i2s_rx_inst|sample_l[9]" -section_id auto_signaltap_1
set_instance_assignment -name CONNECT_TO_SLD_NODE_ENTITY_PORT acq_trigger_in[25] -to "i2s_rx:i2s_rx_inst|valid_l" -section_id auto_signaltap_1
set_instance_assignment -name CONNECT_TO_SLD_NODE_ENTITY_PORT acq_data_in[0] -to AUD_ADCLRCK -section_id auto_signaltap_1
set_instance_assignment -name CONNECT_TO_SLD_NODE_ENTITY_PORT acq_data_in[1] -to "i2s_rx:i2s_rx_inst|sample_l[0]" -section_id auto_signaltap_1
set_instance_assignment -name CONNECT_TO_SLD_NODE_ENTITY_PORT acq_data_in[2] -to "i2s_rx:i2s_rx_inst|sample_l[10]" -section_id auto_signaltap_1
set_instance_assignment -name CONNECT_TO_SLD_NODE_ENTITY_PORT acq_data_in[3] -to "i2s_rx:i2s_rx_inst|sample_l[11]" -section_id auto_signaltap_1
set_instance_assignment -name CONNECT_TO_SLD_NODE_ENTITY_PORT acq_data_in[4] -to "i2s_rx:i2s_rx_inst|sample_l[12]" -section_id auto_signaltap_1
set_instance_assignment -name CONNECT_TO_SLD_NODE_ENTITY_PORT acq_data_in[5] -to "i2s_rx:i2s_rx_inst|sample_l[13]" -section_id auto_signaltap_1
set_instance_assignment -name CONNECT_TO_SLD_NODE_ENTITY_PORT acq_data_in[6] -to "i2s_rx:i2s_rx_inst|sample_l[14]" -section_id auto_signaltap_1
set_instance_assignment -name CONNECT_TO_SLD_NODE_ENTITY_PORT acq_data_in[7] -to "i2s_rx:i2s_rx_inst|sample_l[15]" -section_id auto_signaltap_1
set_instance_assignment -name CONNECT_TO_SLD_NODE_ENTITY_PORT acq_data_in[8] -to "i2s_rx:i2s_rx_inst|sample_l[16]" -section_id auto_signaltap_1
set_instance_assignment -name CONNECT_TO_SLD_NODE_ENTITY_PORT acq_data_in[9] -to "i2s_rx:i2s_rx_inst|sample_l[17]" -section_id auto_signaltap_1
set_instance_assignment -name CONNECT_TO_SLD_NODE_ENTITY_PORT acq_data_in[10] -to "i2s_rx:i2s_rx_inst|sample_l[18]" -section_id auto_signaltap_1
set_instance_assignment -name CONNECT_TO_SLD_NODE_ENTITY_PORT acq_data_in[11] -to "i2s_rx:i2s_rx_inst|sample_l[19]" -section_id auto_signaltap_1
set_instance_assignment -name CONNECT_TO_SLD_NODE_ENTITY_PORT acq_data_in[12] -to "i2s_rx:i2s_rx_inst|sample_l[1]" -section_id auto_signaltap_1
set_instance_assignment -name CONNECT_TO_SLD_NODE_ENTITY_PORT acq_data_in[13] -to "i2s_rx:i2s_rx_inst|sample_l[20]" -section_id auto_signaltap_1
set_instance_assignment -name CONNECT_TO_SLD_NODE_ENTITY_PORT acq_data_in[14] -to "i2s_rx:i2s_rx_inst|sample_l[21]" -section_id auto_signaltap_1
set_instance_assignment -name CONNECT_TO_SLD_NODE_ENTITY_PORT acq_data_in[15] -to "i2s_rx:i2s_rx_inst|sample_l[22]" -section_id auto_signaltap_1
set_instance_assignment -name CONNECT_TO_SLD_NODE_ENTITY_PORT acq_data_in[16] -to "i2s_rx:i2s_rx_inst|sample_l[23]" -section_id auto_signaltap_1
set_instance_assignment -name CONNECT_TO_SLD_NODE_ENTITY_PORT acq_data_in[17] -to "i2s_rx:i2s_rx_inst|sample_l[2]" -section_id auto_signaltap_1
set_instance_assignment -name CONNECT_TO_SLD_NODE_ENTITY_PORT acq_data_in[18] -to "i2s_rx:i2s_rx_inst|sample_l[3]" -section_id auto_signaltap_1
set_instance_assignment -name CONNECT_TO_SLD_NODE_ENTITY_PORT acq_data_in[19] -to "i2s_rx:i2s_rx_inst|sample_l[4]" -section_id auto_signaltap_1
set_instance_assignment -name CONNECT_TO_SLD_NODE_ENTITY_PORT acq_data_in[20] -to "i2s_rx:i2s_rx_inst|sample_l[5]" -section_id auto_signaltap_1
set_instance_assignment -name CONNECT_TO_SLD_NODE_ENTITY_PORT acq_data_in[21] -to "i2s_rx:i2s_rx_inst|sample_l[6]" -section_id auto_signaltap_1
set_instance_assignment -name CONNECT_TO_SLD_NODE_ENTITY_PORT acq_data_in[22] -to "i2s_rx:i2s_rx_inst|sample_l[7]" -section_id auto_signaltap_1
set_instance_assignment -name CONNECT_TO_SLD_NODE_ENTITY_PORT acq_data_in[23] -to "i2s_rx:i2s_rx_inst|sample_l[8]" -section_id auto_signaltap_1
set_instance_assignment -name CONNECT_TO_SLD_NODE_ENTITY_PORT acq_data_in[24] -to "i2s_rx:i2s_rx_inst|sample_l[9]" -section_id auto_signaltap_1
set_instance_assignment -name CONNECT_TO_SLD_NODE_ENTITY_PORT acq_data_in[25] -to "i2s_rx:i2s_rx_inst|valid_l" -section_id auto_signaltap_1
set_global_assignment -name SLD_NODE_PARAMETER_ASSIGNMENT "SLD_RAM_BLOCK_TYPE=AUTO" -section_id auto_signaltap_1
set_global_assignment -name SLD_NODE_PARAMETER_ASSIGNMENT "SLD_DATA_BITS=26" -section_id auto_signaltap_1
set_global_assignment -name SLD_NODE_PARAMETER_ASSIGNMENT "SLD_TRIGGER_BITS=26" -section_id auto_signaltap_1
set_global_assignment -name SLD_NODE_PARAMETER_ASSIGNMENT "SLD_STORAGE_QUALIFIER_BITS=26" -section_id auto_signaltap_1
set_global_assignment -name SLD_NODE_PARAMETER_ASSIGNMENT "SLD_NODE_INFO=805334529" -section_id auto_signaltap_1
set_global_assignment -name SLD_NODE_PARAMETER_ASSIGNMENT "SLD_POWER_UP_TRIGGER=0" -section_id auto_signaltap_1
set_global_assignment -name SLD_NODE_PARAMETER_ASSIGNMENT "SLD_INVERSION_MASK=00000000000000000000000000000000000000000000000000000000000000000000000000000000000000000000000000000000" -section_id auto_signaltap_1
set_global_assignment -name SLD_NODE_PARAMETER_ASSIGNMENT "SLD_INVERSION_MASK_LENGTH=104" -section_id auto_signaltap_1
set_global_assignment -name SLD_NODE_PARAMETER_ASSIGNMENT "SLD_STORAGE_QUALIFIER_INVERSION_MASK_LENGTH=0" -section_id auto_signaltap_1
set_global_assignment -name SLD_NODE_PARAMETER_ASSIGNMENT "SLD_SEGMENT_SIZE=4096" -section_id auto_signaltap_1
set_global_assignment -name SLD_NODE_PARAMETER_ASSIGNMENT "SLD_ATTRIBUTE_MEM_MODE=OFF" -section_id auto_signaltap_1
set_global_assignment -name SLD_NODE_PARAMETER_ASSIGNMENT "SLD_STATE_FLOW_USE_GENERATED=0" -section_id auto_signaltap_1
set_global_assignment -name SLD_NODE_PARAMETER_ASSIGNMENT "SLD_STATE_BITS=11" -section_id auto_signaltap_1
set_global_assignment -name SLD_NODE_PARAMETER_ASSIGNMENT "SLD_BUFFER_FULL_STOP=1" -section_id auto_signaltap_1
set_global_assignment -name SLD_NODE_PARAMETER_ASSIGNMENT "SLD_CURRENT_RESOURCE_WIDTH=1" -section_id auto_signaltap_1
set_global_assignment -name SLD_NODE_PARAMETER_ASSIGNMENT "SLD_INCREMENTAL_ROUTING=1" -section_id auto_signaltap_1
set_instance_assignment -name POST_FIT_CONNECT_TO_SLD_NODE_ENTITY_PORT crc[0] -to auto_signaltap_1|vcc -section_id auto_signaltap_1
set_instance_assignment -name POST_FIT_CONNECT_TO_SLD_NODE_ENTITY_PORT crc[1] -to auto_signaltap_1|vcc -section_id auto_signaltap_1
set_instance_assignment -name POST_FIT_CONNECT_TO_SLD_NODE_ENTITY_PORT crc[2] -to auto_signaltap_1|gnd -section_id auto_signaltap_1
set_instance_assignment -name POST_FIT_CONNECT_TO_SLD_NODE_ENTITY_PORT crc[3] -to auto_signaltap_1|vcc -section_id auto_signaltap_1
set_instance_assignment -name POST_FIT_CONNECT_TO_SLD_NODE_ENTITY_PORT crc[4] -to auto_signaltap_1|gnd -section_id auto_signaltap_1
set_instance_assignment -name POST_FIT_CONNECT_TO_SLD_NODE_ENTITY_PORT crc[5] -to auto_signaltap_1|vcc -section_id auto_signaltap_1
set_instance_assignment -name POST_FIT_CONNECT_TO_SLD_NODE_ENTITY_PORT crc[6] -to auto_signaltap_1|gnd -section_id auto_signaltap_1
set_instance_assignment -name POST_FIT_CONNECT_TO_SLD_NODE_ENTITY_PORT crc[7] -to auto_signaltap_1|gnd -section_id auto_signaltap_1
set_instance_assignment -name POST_FIT_CONNECT_TO_SLD_NODE_ENTITY_PORT crc[8] -to auto_signaltap_1|gnd -section_id auto_signaltap_1
set_instance_assignment -name POST_FIT_CONNECT_TO_SLD_NODE_ENTITY_PORT crc[9] -to auto_signaltap_1|vcc -section_id auto_signaltap_1
set_instance_assignment -name POST_FIT_CONNECT_TO_SLD_NODE_ENTITY_PORT crc[10] -to auto_signaltap_1|gnd -section_id auto_signaltap_1
set_instance_assignment -name POST_FIT_CONNECT_TO_SLD_NODE_ENTITY_PORT crc[11] -to auto_signaltap_1|gnd -section_id auto_signaltap_1
set_instance_assignment -name POST_FIT_CONNECT_TO_SLD_NODE_ENTITY_PORT crc[12] -to auto_signaltap_1|gnd -section_id auto_signaltap_1
set_instance_assignment -name POST_FIT_CONNECT_TO_SLD_NODE_ENTITY_PORT crc[13] -to auto_signaltap_1|vcc -section_id auto_signaltap_1
set_instance_assignment -name POST_FIT_CONNECT_TO_SLD_NODE_ENTITY_PORT crc[14] -to auto_signaltap_1|gnd -section_id auto_signaltap_1
set_instance_assignment -name POST_FIT_CONNECT_TO_SLD_NODE_ENTITY_PORT crc[15] -to auto_signaltap_1|vcc -section_id auto_signaltap_1
set_instance_assignment -name POST_FIT_CONNECT_TO_SLD_NODE_ENTITY_PORT crc[16] -to auto_signaltap_1|gnd -section_id auto_signaltap_1
set_instance_assignment -name POST_FIT_CONNECT_TO_SLD_NODE_ENTITY_PORT crc[17] -to auto_signaltap_1|vcc -section_id auto_signaltap_1
set_instance_assignment -name POST_FIT_CONNECT_TO_SLD_NODE_ENTITY_PORT crc[18] -to auto_signaltap_1|vcc -section_id auto_signaltap_1
set_instance_assignment -name POST_FIT_CONNECT_TO_SLD_NODE_ENTITY_PORT crc[19] -to auto_signaltap_1|gnd -section_id auto_signaltap_1
set_instance_assignment -name POST_FIT_CONNECT_TO_SLD_NODE_ENTITY_PORT crc[20] -to auto_signaltap_1|vcc -section_id auto_signaltap_1
set_instance_assignment -name POST_FIT_CONNECT_TO_SLD_NODE_ENTITY_PORT crc[21] -to auto_signaltap_1|gnd -section_id auto_signaltap_1
set_instance_assignment -name POST_FIT_CONNECT_TO_SLD_NODE_ENTITY_PORT crc[22] -to auto_signaltap_1|vcc -section_id auto_signaltap_1
set_instance_assignment -name POST_FIT_CONNECT_TO_SLD_NODE_ENTITY_PORT crc[23] -to auto_signaltap_1|vcc -section_id auto_signaltap_1
set_instance_assignment -name POST_FIT_CONNECT_TO_SLD_NODE_ENTITY_PORT crc[24] -to auto_signaltap_1|vcc -section_id auto_signaltap_1
set_instance_assignment -name POST_FIT_CONNECT_TO_SLD_NODE_ENTITY_PORT crc[25] -to auto_signaltap_1|gnd -section_id auto_signaltap_1
set_instance_assignment -name POST_FIT_CONNECT_TO_SLD_NODE_ENTITY_PORT crc[26] -to auto_signaltap_1|gnd -section_id auto_signaltap_1
set_instance_assignment -name POST_FIT_CONNECT_TO_SLD_NODE_ENTITY_PORT crc[27] -to auto_signaltap_1|gnd -section_id auto_signaltap_1
set_instance_assignment -name POST_FIT_CONNECT_TO_SLD_NODE_ENTITY_PORT crc[28] -to auto_signaltap_1|gnd -section_id auto_signaltap_1
set_instance_assignment -name POST_FIT_CONNECT_TO_SLD_NODE_ENTITY_PORT crc[29] -to auto_signaltap_1|gnd -section_id auto_signaltap_1
set_instance_assignment -name POST_FIT_CONNECT_TO_SLD_NODE_ENTITY_PORT crc[30] -to auto_signaltap_1|vcc -section_id auto_signaltap_1
set_instance_assignment -name POST_FIT_CONNECT_TO_SLD_NODE_ENTITY_PORT crc[31] -to auto_signaltap_1|gnd -section_id auto_signaltap_1
set_global_assignment -name SLD_NODE_PARAMETER_ASSIGNMENT "SLD_TRIGGER_LEVEL=1" -section_id auto_signaltap_1
set_global_assignment -name SLD_NODE_PARAMETER_ASSIGNMENT "SLD_SAMPLE_DEPTH=4096" -section_id auto_signaltap_1
set_global_assignment -name SLD_NODE_PARAMETER_ASSIGNMENT "SLD_TRIGGER_IN_ENABLED=0" -section_id auto_signaltap_1
set_global_assignment -name SLD_NODE_PARAMETER_ASSIGNMENT "SLD_TRIGGER_PIPELINE=0" -section_id auto_signaltap_1
set_global_assignment -name SLD_NODE_PARAMETER_ASSIGNMENT "SLD_RAM_PIPELINE=0" -section_id auto_signaltap_1
set_global_assignment -name SLD_NODE_PARAMETER_ASSIGNMENT "SLD_COUNTER_PIPELINE=0" -section_id auto_signaltap_1
set_global_assignment -name SLD_NODE_PARAMETER_ASSIGNMENT "SLD_ADVANCED_TRIGGER_ENTITY=basic,1," -section_id auto_signaltap_1
set_global_assignment -name SLD_NODE_PARAMETER_ASSIGNMENT "SLD_TRIGGER_LEVEL_PIPELINE=1" -section_id auto_signaltap_1
set_global_assignment -name SLD_NODE_PARAMETER_ASSIGNMENT "SLD_ENABLE_ADVANCED_TRIGGER=0" -section_id auto_signaltap_1
set_global_assignment -name SLD_FILE db/stp1_auto_stripped.stp
set_instance_assignment -name PARTITION_HIERARCHY root_partition -to | -section_id Top